
Microsoft Visual Studio Solution File, Format Version 12.00
Project("{FAE04EC0-301F-11D3-BF4B-00C04F79EFBC}") = "TP-CS.API", "TP-CS.API\TP-CS.API.csproj", "{F11C6FD6-CA00-4DAE-A45B-6788FB19A91D}"
EndProject
Project("{FAE04EC0-301F-11D3-BF4B-00C04F79EFBC}") = "TP-CS.Business", "TP-CS.Business\TP-CS.Business.csproj", "{BFBA3570-FEEC-4E67-B15C-4F9C12FC19F5}"
EndProject
Project("{FAE04EC0-301F-11D3-BF4B-00C04F79EFBC}") = "TP-CS.Data", "TP-CS.Data\TP-CS.Data.csproj", "{E9A027AB-E538-43DA-A8B7-25CEA893501F}"
EndProject
Global
	GlobalSection(SolutionConfigurationPlatforms) = preSolution
		Debug|Any CPU = Debug|Any CPU
		Release|Any CPU = Release|Any CPU
	EndGlobalSection
	GlobalSection(ProjectConfigurationPlatforms) = postSolution
		{F11C6FD6-CA00-4DAE-A45B-6788FB19A91D}.Debug|Any CPU.ActiveCfg = Debug|Any CPU
		{F11C6FD6-CA00-4DAE-A45B-6788FB19A91D}.Debug|Any CPU.Build.0 = Debug|Any CPU
		{F11C6FD6-CA00-4DAE-A45B-6788FB19A91D}.Release|Any CPU.ActiveCfg = Release|Any CPU
		{F11C6FD6-CA00-4DAE-A45B-6788FB19A91D}.Release|Any CPU.Build.0 = Release|Any CPU
		{F11C6FD6-CA00-4DAE-A45B-6788FB19A91D}.Debug|Any CPU.Deploy.0 = Debug|Any CPU
		{BFBA3570-FEEC-4E67-B15C-4F9C12FC19F5}.Debug|Any CPU.ActiveCfg = Debug|Any CPU
		{BFBA3570-FEEC-4E67-B15C-4F9C12FC19F5}.Debug|Any CPU.Build.0 = Debug|Any CPU
		{BFBA3570-FEEC-4E67-B15C-4F9C12FC19F5}.Release|Any CPU.ActiveCfg = Release|Any CPU
		{BFBA3570-FEEC-4E67-B15C-4F9C12FC19F5}.Release|Any CPU.Build.0 = Release|Any CPU
		{BFBA3570-FEEC-4E67-B15C-4F9C12FC19F5}.Debug|Any CPU.Deploy.0 = Debug|Any CPU
		{E9A027AB-E538-43DA-A8B7-25CEA893501F}.Debug|Any CPU.ActiveCfg = Debug|Any CPU
		{E9A027AB-E538-43DA-A8B7-25CEA893501F}.Debug|Any CPU.Build.0 = Debug|Any CPU
		{E9A027AB-E538-43DA-A8B7-25CEA893501F}.Release|Any CPU.ActiveCfg = Release|Any CPU
		{E9A027AB-E538-43DA-A8B7-25CEA893501F}.Release|Any CPU.Build.0 = Release|Any CPU
		{E9A027AB-E538-43DA-A8B7-25CEA893501F}.Debug|Any CPU.Deploy.0 = Debug|Any CPU
	EndGlobalSection
EndGlobal
