
Microsoft Visual Studio Solution File, Format Version 12.00
Project("{FAE04EC0-301F-11D3-BF4B-00C04F79EFBC}") = "TP-CS.API", "TP-CS.API\TP-CS.API.csproj", "{F11C6FD6-CA00-4DAE-A45B-6788FB19A91D}"
EndProject
Project("{FAE04EC0-301F-11D3-BF4B-00C04F79EFBC}") = "TP-CS.Business", "TP-CS.Business\TP-CS.Business.csproj", "{AB995112-A286-47E2-8906-09FB713081ED}"
EndProject
Global
	GlobalSection(SolutionConfigurationPlatforms) = preSolution
		Debug|Any CPU = Debug|Any CPU
		Release|Any CPU = Release|Any CPU
	EndGlobalSection
	GlobalSection(ProjectConfigurationPlatforms) = postSolution
		{F11C6FD6-CA00-4DAE-A45B-6788FB19A91D}.Debug|Any CPU.ActiveCfg = Debug|Any CPU
		{F11C6FD6-CA00-4DAE-A45B-6788FB19A91D}.Debug|Any CPU.Build.0 = Debug|Any CPU
		{F11C6FD6-CA00-4DAE-A45B-6788FB19A91D}.Release|Any CPU.ActiveCfg = Release|Any CPU
		{F11C6FD6-CA00-4DAE-A45B-6788FB19A91D}.Release|Any CPU.Build.0 = Release|Any CPU
		{F11C6FD6-CA00-4DAE-A45B-6788FB19A91D}.Debug|Any CPU.Deploy.0 = Debug|Any CPU
		{AB995112-A286-47E2-8906-09FB713081ED}.Debug|Any CPU.ActiveCfg = Debug|Any CPU
		{AB995112-A286-47E2-8906-09FB713081ED}.Debug|Any CPU.Build.0 = Debug|Any CPU
		{AB995112-A286-47E2-8906-09FB713081ED}.Release|Any CPU.ActiveCfg = Release|Any CPU
		{AB995112-A286-47E2-8906-09FB713081ED}.Release|Any CPU.Build.0 = Release|Any CPU
	EndGlobalSection
EndGlobal
